
Microsoft Visual Studio Solution File, Format Version 12.00
# Visual Studio Version 17
VisualStudioVersion = 17.0.31903.59
MinimumVisualStudioVersion = 10.0.40219.1
Project("{FAE04EC0-301F-11D3-BF4B-00C04F79EFBC}") = "Bloggit.Web", "Bloggit.Web\Bloggit.Web.csproj", "{2A659EF4-A0F5-4BE6-B9DC-FD3346E75950}"
EndProject
Project("{FAE04EC0-301F-11D3-BF4B-00C04F79EFBC}") = "Bloggit.Business", "Bloggit.Business\Bloggit.Business.csproj", "{08C7F7D0-8B9B-4D19-86CE-B423F88706A9}"
EndProject
Project("{FAE04EC0-301F-11D3-BF4B-00C04F79EFBC}") = "Bloggit.Data", "Bloggit.Data\Bloggit.Data.csproj", "{500A141F-0DCC-44B4-9528-1E790F6AA79C}"
EndProject
Project("{FAE04EC0-301F-11D3-BF4B-00C04F79EFBC}") = "Bloggit.API", "Bloggit.API\Bloggit.API.csproj", "{636ED6B9-3267-47DE-8491-731826FA2565}"
EndProject
Project("{FAE04EC0-301F-11D3-BF4B-00C04F79EFBC}") = "Bloggit.Models", "Bloggit.Models\Bloggit.Models.csproj", "{09BE3665-4AE4-4355-80B7-DC0B58C49958}"
EndProject
Project("{FAE04EC0-301F-11D3-BF4B-00C04F79EFBC}") = "Bloggit.API.Tests", "Bloggit.API.Tests\Bloggit.API.Tests.csproj", "{0132C628-A815-4261-8FD3-B2B5B5D822F5}"
EndProject
Global
	GlobalSection(SolutionConfigurationPlatforms) = preSolution
		Debug|Any CPU = Debug|Any CPU
		Debug|x64 = Debug|x64
		Debug|x86 = Debug|x86
		Release|Any CPU = Release|Any CPU
		Release|x64 = Release|x64
		Release|x86 = Release|x86
	EndGlobalSection
	GlobalSection(ProjectConfigurationPlatforms) = postSolution
		{2A659EF4-A0F5-4BE6-B9DC-FD3346E75950}.Debug|Any CPU.ActiveCfg = Debug|Any CPU
		{2A659EF4-A0F5-4BE6-B9DC-FD3346E75950}.Debug|Any CPU.Build.0 = Debug|Any CPU
		{2A659EF4-A0F5-4BE6-B9DC-FD3346E75950}.Debug|x64.ActiveCfg = Debug|Any CPU
		{2A659EF4-A0F5-4BE6-B9DC-FD3346E75950}.Debug|x64.Build.0 = Debug|Any CPU
		{2A659EF4-A0F5-4BE6-B9DC-FD3346E75950}.Debug|x86.ActiveCfg = Debug|Any CPU
		{2A659EF4-A0F5-4BE6-B9DC-FD3346E75950}.Debug|x86.Build.0 = Debug|Any CPU
		{2A659EF4-A0F5-4BE6-B9DC-FD3346E75950}.Release|Any CPU.ActiveCfg = Release|Any CPU
		{2A659EF4-A0F5-4BE6-B9DC-FD3346E75950}.Release|Any CPU.Build.0 = Release|Any CPU
		{2A659EF4-A0F5-4BE6-B9DC-FD3346E75950}.Release|x64.ActiveCfg = Release|Any CPU
		{2A659EF4-A0F5-4BE6-B9DC-FD3346E75950}.Release|x64.Build.0 = Release|Any CPU
		{2A659EF4-A0F5-4BE6-B9DC-FD3346E75950}.Release|x86.ActiveCfg = Release|Any CPU
		{2A659EF4-A0F5-4BE6-B9DC-FD3346E75950}.Release|x86.Build.0 = Release|Any CPU
		{08C7F7D0-8B9B-4D19-86CE-B423F88706A9}.Debug|Any CPU.ActiveCfg = Debug|Any CPU
		{08C7F7D0-8B9B-4D19-86CE-B423F88706A9}.Debug|Any CPU.Build.0 = Debug|Any CPU
		{08C7F7D0-8B9B-4D19-86CE-B423F88706A9}.Debug|x64.ActiveCfg = Debug|Any CPU
		{08C7F7D0-8B9B-4D19-86CE-B423F88706A9}.Debug|x64.Build.0 = Debug|Any CPU
		{08C7F7D0-8B9B-4D19-86CE-B423F88706A9}.Debug|x86.ActiveCfg = Debug|Any CPU
		{08C7F7D0-8B9B-4D19-86CE-B423F88706A9}.Debug|x86.Build.0 = Debug|Any CPU
		{08C7F7D0-8B9B-4D19-86CE-B423F88706A9}.Release|Any CPU.ActiveCfg = Release|Any CPU
		{08C7F7D0-8B9B-4D19-86CE-B423F88706A9}.Release|Any CPU.Build.0 = Release|Any CPU
		{08C7F7D0-8B9B-4D19-86CE-B423F88706A9}.Release|x64.ActiveCfg = Release|Any CPU
		{08C7F7D0-8B9B-4D19-86CE-B423F88706A9}.Release|x64.Build.0 = Release|Any CPU
		{08C7F7D0-8B9B-4D19-86CE-B423F88706A9}.Release|x86.ActiveCfg = Release|Any CPU
		{08C7F7D0-8B9B-4D19-86CE-B423F88706A9}.Release|x86.Build.0 = Release|Any CPU
		{500A141F-0DCC-44B4-9528-1E790F6AA79C}.Debug|Any CPU.ActiveCfg = Debug|Any CPU
		{500A141F-0DCC-44B4-9528-1E790F6AA79C}.Debug|Any CPU.Build.0 = Debug|Any CPU
		{500A141F-0DCC-44B4-9528-1E790F6AA79C}.Debug|x64.ActiveCfg = Debug|Any CPU
		{500A141F-0DCC-44B4-9528-1E790F6AA79C}.Debug|x64.Build.0 = Debug|Any CPU
		{500A141F-0DCC-44B4-9528-1E790F6AA79C}.Debug|x86.ActiveCfg = Debug|Any CPU
		{500A141F-0DCC-44B4-9528-1E790F6AA79C}.Debug|x86.Build.0 = Debug|Any CPU
		{500A141F-0DCC-44B4-9528-1E790F6AA79C}.Release|Any CPU.ActiveCfg = Release|Any CPU
		{500A141F-0DCC-44B4-9528-1E790F6AA79C}.Release|Any CPU.Build.0 = Release|Any CPU
		{500A141F-0DCC-44B4-9528-1E790F6AA79C}.Release|x64.ActiveCfg = Release|Any CPU
		{500A141F-0DCC-44B4-9528-1E790F6AA79C}.Release|x64.Build.0 = Release|Any CPU
		{500A141F-0DCC-44B4-9528-1E790F6AA79C}.Release|x86.ActiveCfg = Release|Any CPU
		{500A141F-0DCC-44B4-9528-1E790F6AA79C}.Release|x86.Build.0 = Release|Any CPU
		{636ED6B9-3267-47DE-8491-731826FA2565}.Debug|Any CPU.ActiveCfg = Debug|Any CPU
		{636ED6B9-3267-47DE-8491-731826FA2565}.Debug|Any CPU.Build.0 = Debug|Any CPU
		{636ED6B9-3267-47DE-8491-731826FA2565}.Debug|x64.ActiveCfg = Debug|Any CPU
		{636ED6B9-3267-47DE-8491-731826FA2565}.Debug|x64.Build.0 = Debug|Any CPU
		{636ED6B9-3267-47DE-8491-731826FA2565}.Debug|x86.ActiveCfg = Debug|Any CPU
		{636ED6B9-3267-47DE-8491-731826FA2565}.Debug|x86.Build.0 = Debug|Any CPU
		{636ED6B9-3267-47DE-8491-731826FA2565}.Release|Any CPU.ActiveCfg = Release|Any CPU
		{636ED6B9-3267-47DE-8491-731826FA2565}.Release|Any CPU.Build.0 = Release|Any CPU
		{636ED6B9-3267-47DE-8491-731826FA2565}.Release|x64.ActiveCfg = Release|Any CPU
		{636ED6B9-3267-47DE-8491-731826FA2565}.Release|x64.Build.0 = Release|Any CPU
		{636ED6B9-3267-47DE-8491-731826FA2565}.Release|x86.ActiveCfg = Release|Any CPU
		{636ED6B9-3267-47DE-8491-731826FA2565}.Release|x86.Build.0 = Release|Any CPU
		{09BE3665-4AE4-4355-80B7-DC0B58C49958}.Debug|Any CPU.ActiveCfg = Debug|Any CPU
		{09BE3665-4AE4-4355-80B7-DC0B58C49958}.Debug|Any CPU.Build.0 = Debug|Any CPU
		{09BE3665-4AE4-4355-80B7-DC0B58C49958}.Debug|x64.ActiveCfg = Debug|Any CPU
		{09BE3665-4AE4-4355-80B7-DC0B58C49958}.Debug|x64.Build.0 = Debug|Any CPU
		{09BE3665-4AE4-4355-80B7-DC0B58C49958}.Debug|x86.ActiveCfg = Debug|Any CPU
		{09BE3665-4AE4-4355-80B7-DC0B58C49958}.Debug|x86.Build.0 = Debug|Any CPU
		{09BE3665-4AE4-4355-80B7-DC0B58C49958}.Release|Any CPU.ActiveCfg = Release|Any CPU
		{09BE3665-4AE4-4355-80B7-DC0B58C49958}.Release|Any CPU.Build.0 = Release|Any CPU
		{09BE3665-4AE4-4355-80B7-DC0B58C49958}.Release|x64.ActiveCfg = Release|Any CPU
		{09BE3665-4AE4-4355-80B7-DC0B58C49958}.Release|x64.Build.0 = Release|Any CPU
		{09BE3665-4AE4-4355-80B7-DC0B58C49958}.Release|x86.ActiveCfg = Release|Any CPU
		{09BE3665-4AE4-4355-80B7-DC0B58C49958}.Release|x86.Build.0 = Release|Any CPU
		{0132C628-A815-4261-8FD3-B2B5B5D822F5}.Debug|Any CPU.ActiveCfg = Debug|Any CPU
		{0132C628-A815-4261-8FD3-B2B5B5D822F5}.Debug|Any CPU.Build.0 = Debug|Any CPU
		{0132C628-A815-4261-8FD3-B2B5B5D822F5}.Debug|x64.ActiveCfg = Debug|Any CPU
		{0132C628-A815-4261-8FD3-B2B5B5D822F5}.Debug|x64.Build.0 = Debug|Any CPU
		{0132C628-A815-4261-8FD3-B2B5B5D822F5}.Debug|x86.ActiveCfg = Debug|Any CPU
		{0132C628-A815-4261-8FD3-B2B5B5D822F5}.Debug|x86.Build.0 = Debug|Any CPU
		{0132C628-A815-4261-8FD3-B2B5B5D822F5}.Release|Any CPU.ActiveCfg = Release|Any CPU
		{0132C628-A815-4261-8FD3-B2B5B5D822F5}.Release|Any CPU.Build.0 = Release|Any CPU
		{0132C628-A815-4261-8FD3-B2B5B5D822F5}.Release|x64.ActiveCfg = Release|Any CPU
		{0132C628-A815-4261-8FD3-B2B5B5D822F5}.Release|x64.Build.0 = Release|Any CPU
		{0132C628-A815-4261-8FD3-B2B5B5D822F5}.Release|x86.ActiveCfg = Release|Any CPU
		{0132C628-A815-4261-8FD3-B2B5B5D822F5}.Release|x86.Build.0 = Release|Any CPU
	EndGlobalSection
	GlobalSection(SolutionProperties) = preSolution
		HideSolutionNode = FALSE
	EndGlobalSection
EndGlobal
